
Microsoft Visual Studio Solution File, Format Version 12.00
# Visual Studio Version 17
VisualStudioVersion = 17.14.36202.13 d17.14
MinimumVisualStudioVersion = 10.0.40219.1
Project("{FAE04EC0-301F-11D3-BF4B-00C04F79EFBC}") = "POO_Alexandre_Kokelberg_TOUTSAUFCHIEN", "POO_Alexandre_Kokelberg_TOUTSAUFCHIEN.csproj", "{280FAB07-6851-456D-957F-078CF801965D}"
EndProject
Global
	GlobalSection(SolutionConfigurationPlatforms) = preSolution
		Debug|Any CPU = Debug|Any CPU
		Release|Any CPU = Release|Any CPU
	EndGlobalSection
	GlobalSection(ProjectConfigurationPlatforms) = postSolution
		{280FAB07-6851-456D-957F-078CF801965D}.Debug|Any CPU.ActiveCfg = Debug|Any CPU
		{280FAB07-6851-456D-957F-078CF801965D}.Debug|Any CPU.Build.0 = Debug|Any CPU
		{280FAB07-6851-456D-957F-078CF801965D}.Release|Any CPU.ActiveCfg = Release|Any CPU
		{280FAB07-6851-456D-957F-078CF801965D}.Release|Any CPU.Build.0 = Release|Any CPU
	EndGlobalSection
	GlobalSection(SolutionProperties) = preSolution
		HideSolutionNode = FALSE
	EndGlobalSection
	GlobalSection(ExtensibilityGlobals) = postSolution
		SolutionGuid = {FEE7D521-4CAB-4F9E-9121-A1EACD1F7F1A}
	EndGlobalSection
EndGlobal
